<Solution>
  <Folder Name="/Элементы решения/">
    <File Path="Build-Release.ps1" />
    <File Path="Directory.Build.props" />
    <File Path="Version.props" />
  </Folder>
  <Project Path="WorldHub.App/WorldHub.App.csproj" />
  <Project Path="WorldHub.Core/WorldHub.Core.csproj" />
  <Project Path="WorldHub.Infrastructure/WorldHub.Infrastructure.csproj" />
  <Project Path="WorldHub.Network/WorldHub.Network.csproj" />
  <Project Path="WorldHub.Sync/WorldHub.Sync.csproj" />
  <Project Path="WorldHub.Updater/WorldHub.Updater.csproj" Id="b9c09ba3-b38f-4254-a84c-ff86009a238e" />
</Solution>
